
Microsoft Visual Studio Solution File, Format Version 12.00
# Visual Studio Version 17
VisualStudioVersion = 17.7.34031.279
MinimumVisualStudioVersion = 10.0.40219.1
Project("{9A19103F-16F7-4668-BE54-9A1E7A4F7556}") = "Library.WebAPI", "Library.WebAPI\Library.WebAPI.csproj", "{70947CF9-E0AE-4128-A30D-8649CD8946E5}"
	ProjectSection(ProjectDependencies) = postProject
		{7F7B730A-3494-4665-AEC0-AF14B7D3D25B} = {7F7B730A-3494-4665-AEC0-AF14B7D3D25B}
	EndProjectSection
EndProject
Project("{9A19103F-16F7-4668-BE54-9A1E7A4F7556}") = "Library.BL", "Library.BL\Library.BL.csproj", "{7F7B730A-3494-4665-AEC0-AF14B7D3D25B}"
	ProjectSection(ProjectDependencies) = postProject
		{0CDE4D80-0A9F-4496-842E-A891830079EE} = {0CDE4D80-0A9F-4496-842E-A891830079EE}
	EndProjectSection
EndProject
Project("{9A19103F-16F7-4668-BE54-9A1E7A4F7556}") = "Library.DataAccess", "Library.DataAccess\Library.DataAccess.csproj", "{0CDE4D80-0A9F-4496-842E-A891830079EE}"
EndProject
Project("{2150E333-8FDC-42A3-9474-1A3956D46DE8}") = "Tests", "Tests", "{971B17BF-00D7-4780-AFDF-CED5388A1978}"
EndProject
Project("{FAE04EC0-301F-11D3-BF4B-00C04F79EFBC}") = "Library.UnitTests", "Library.UnitTests\Library.UnitTests.csproj", "{E4399862-0F17-4944-85A8-065C24337AF4}"
EndProject
Global
	GlobalSection(SolutionConfigurationPlatforms) = preSolution
		Debug|Any CPU = Debug|Any CPU
		Release|Any CPU = Release|Any CPU
	EndGlobalSection
	GlobalSection(ProjectConfigurationPlatforms) = postSolution
		{70947CF9-E0AE-4128-A30D-8649CD8946E5}.Debug|Any CPU.ActiveCfg = Debug|Any CPU
		{70947CF9-E0AE-4128-A30D-8649CD8946E5}.Debug|Any CPU.Build.0 = Debug|Any CPU
		{70947CF9-E0AE-4128-A30D-8649CD8946E5}.Release|Any CPU.ActiveCfg = Release|Any CPU
		{70947CF9-E0AE-4128-A30D-8649CD8946E5}.Release|Any CPU.Build.0 = Release|Any CPU
		{7F7B730A-3494-4665-AEC0-AF14B7D3D25B}.Debug|Any CPU.ActiveCfg = Debug|Any CPU
		{7F7B730A-3494-4665-AEC0-AF14B7D3D25B}.Debug|Any CPU.Build.0 = Debug|Any CPU
		{7F7B730A-3494-4665-AEC0-AF14B7D3D25B}.Release|Any CPU.ActiveCfg = Release|Any CPU
		{7F7B730A-3494-4665-AEC0-AF14B7D3D25B}.Release|Any CPU.Build.0 = Release|Any CPU
		{0CDE4D80-0A9F-4496-842E-A891830079EE}.Debug|Any CPU.ActiveCfg = Debug|Any CPU
		{0CDE4D80-0A9F-4496-842E-A891830079EE}.Debug|Any CPU.Build.0 = Debug|Any CPU
		{0CDE4D80-0A9F-4496-842E-A891830079EE}.Release|Any CPU.ActiveCfg = Release|Any CPU
		{0CDE4D80-0A9F-4496-842E-A891830079EE}.Release|Any CPU.Build.0 = Release|Any CPU
		{E4399862-0F17-4944-85A8-065C24337AF4}.Debug|Any CPU.ActiveCfg = Debug|Any CPU
		{E4399862-0F17-4944-85A8-065C24337AF4}.Debug|Any CPU.Build.0 = Debug|Any CPU
		{E4399862-0F17-4944-85A8-065C24337AF4}.Release|Any CPU.ActiveCfg = Release|Any CPU
		{E4399862-0F17-4944-85A8-065C24337AF4}.Release|Any CPU.Build.0 = Release|Any CPU
	EndGlobalSection
	GlobalSection(SolutionProperties) = preSolution
		HideSolutionNode = FALSE
	EndGlobalSection
	GlobalSection(NestedProjects) = preSolution
		{E4399862-0F17-4944-85A8-065C24337AF4} = {971B17BF-00D7-4780-AFDF-CED5388A1978}
	EndGlobalSection
	GlobalSection(ExtensibilityGlobals) = postSolution
		SolutionGuid = {407F7423-F417-4F06-B512-9307B440BEC6}
	EndGlobalSection
EndGlobal
